
Microsoft Visual Studio Solution File, Format Version 12.00
# Visual Studio Version 17
VisualStudioVersion = 17.14.36616.10
MinimumVisualStudioVersion = 10.0.40219.1
Project("{2150E333-8FDC-42A3-9474-1A3956D46DE8}") = "Task0", "Task0", "{36D591C7-65C7-A0D1-1CBC-10CDE441BDC8}"
EndProject
Project("{FAE04EC0-301F-11D3-BF4B-00C04F79EFBC}") = "Tyuiu.PuzyrevIV.Sprint3.Task0.V1", "Tyuiu.PuzyrevIV.Sprint3.Task0.V1\Tyuiu.PuzyrevIV.Sprint3.Task0.V1.csproj", "{C0DD7A94-274F-49E5-8A78-1798049B2A8E}"
EndProject
Project("{FAE04EC0-301F-11D3-BF4B-00C04F79EFBC}") = "Tyuiu.PuzyrevIV.Sprint3.Task0.V1.Lib", "Tyuiu.PuzyrevIV.Sprint3.Task0.V1.Lib\Tyuiu.PuzyrevIV.Sprint3.Task0.V1.Lib.csproj", "{650A52BD-5545-42AC-838F-EE1975BC0534}"
EndProject
Project("{FAE04EC0-301F-11D3-BF4B-00C04F79EFBC}") = "Tyuiu.PuzyrevIV.Sprint3.Task0.V1.Test", "Tyuiu.PuzyrevIV.Sprint3.Task0.V1.Test\Tyuiu.PuzyrevIV.Sprint3.Task0.V1.Test.csproj", "{A13ED6B0-46CD-4FAD-B278-2822DE4DB341}"
EndProject
Project("{2150E333-8FDC-42A3-9474-1A3956D46DE8}") = "Task1", "Task1", "{A7DDC6B1-BBA3-4A9B-8751-8143CD790EDE}"
EndProject
Project("{FAE04EC0-301F-11D3-BF4B-00C04F79EFBC}") = "Tyuiu.PuzyrevIV.Sprint3.Task1.V2", "Tyuiu.PuzyrevIV.Sprint3.Task1.V2\Tyuiu.PuzyrevIV.Sprint3.Task1.V2.csproj", "{8659B16E-F253-4044-8FF6-59254A7FABA3}"
EndProject
Project("{FAE04EC0-301F-11D3-BF4B-00C04F79EFBC}") = "Tyuiu.PuzyrevIV.Sprint3.Task1.V2.Lib", "Tyuiu.PuzyrevIV.Sprint3.Task1.V2.Lib\Tyuiu.PuzyrevIV.Sprint3.Task1.V2.Lib.csproj", "{C6B97870-4D27-496A-8383-4E30FA3C7DE6}"
EndProject
Project("{FAE04EC0-301F-11D3-BF4B-00C04F79EFBC}") = "Tyuiu.PuzyrevIV.Sprint3.Task1.V2.Test", "Tyuiu.PuzyrevIV.Sprint3.Task1.V2.Test\Tyuiu.PuzyrevIV.Sprint3.Task1.V2.Test.csproj", "{04BE1091-A451-4790-8690-436F0CCCC4C6}"
EndProject
Project("{2150E333-8FDC-42A3-9474-1A3956D46DE8}") = "Task2", "Task2", "{163F59A8-F89C-4F59-8BF1-1539728B7AD4}"
EndProject
Project("{FAE04EC0-301F-11D3-BF4B-00C04F79EFBC}") = "Tyuiu.PuzyrevIV.Sprint3.Task2.V11", "Tyuiu.PuzyrevIV.Sprint3.Task2.V11\Tyuiu.PuzyrevIV.Sprint3.Task2.V11.csproj", "{6CF8A94A-CD88-4A0B-B493-6F0AB7C4B879}"
EndProject
Project("{FAE04EC0-301F-11D3-BF4B-00C04F79EFBC}") = "Tyuiu.PuzyrevIV.Sprint3.Task2.V11.Lib", "Tyuiu.PuzyrevIV.Sprint3.Task2.V11.Lib\Tyuiu.PuzyrevIV.Sprint3.Task2.V11.Lib.csproj", "{FABA6EF7-1142-47B5-8CB7-3CB99CB3CAB7}"
EndProject
Project("{FAE04EC0-301F-11D3-BF4B-00C04F79EFBC}") = "Tyuiu.PuzyrevIV.Sprint3.Task2.V11.Test", "Tyuiu.PuzyrevIV.Sprint3.Task2.V11.Test\Tyuiu.PuzyrevIV.Sprint3.Task2.V11.Test.csproj", "{FCD30044-EDD9-4648-AD9A-2AAA1F1BAA59}"
EndProject
Global
	GlobalSection(SolutionConfigurationPlatforms) = preSolution
		Debug|Any CPU = Debug|Any CPU
		Release|Any CPU = Release|Any CPU
	EndGlobalSection
	GlobalSection(ProjectConfigurationPlatforms) = postSolution
		{C0DD7A94-274F-49E5-8A78-1798049B2A8E}.Debug|Any CPU.ActiveCfg = Debug|Any CPU
		{C0DD7A94-274F-49E5-8A78-1798049B2A8E}.Debug|Any CPU.Build.0 = Debug|Any CPU
		{C0DD7A94-274F-49E5-8A78-1798049B2A8E}.Release|Any CPU.ActiveCfg = Release|Any CPU
		{C0DD7A94-274F-49E5-8A78-1798049B2A8E}.Release|Any CPU.Build.0 = Release|Any CPU
		{650A52BD-5545-42AC-838F-EE1975BC0534}.Debug|Any CPU.ActiveCfg = Debug|Any CPU
		{650A52BD-5545-42AC-838F-EE1975BC0534}.Debug|Any CPU.Build.0 = Debug|Any CPU
		{650A52BD-5545-42AC-838F-EE1975BC0534}.Release|Any CPU.ActiveCfg = Release|Any CPU
		{650A52BD-5545-42AC-838F-EE1975BC0534}.Release|Any CPU.Build.0 = Release|Any CPU
		{A13ED6B0-46CD-4FAD-B278-2822DE4DB341}.Debug|Any CPU.ActiveCfg = Debug|Any CPU
		{A13ED6B0-46CD-4FAD-B278-2822DE4DB341}.Debug|Any CPU.Build.0 = Debug|Any CPU
		{A13ED6B0-46CD-4FAD-B278-2822DE4DB341}.Release|Any CPU.ActiveCfg = Release|Any CPU
		{A13ED6B0-46CD-4FAD-B278-2822DE4DB341}.Release|Any CPU.Build.0 = Release|Any CPU
		{8659B16E-F253-4044-8FF6-59254A7FABA3}.Debug|Any CPU.ActiveCfg = Debug|Any CPU
		{8659B16E-F253-4044-8FF6-59254A7FABA3}.Debug|Any CPU.Build.0 = Debug|Any CPU
		{8659B16E-F253-4044-8FF6-59254A7FABA3}.Release|Any CPU.ActiveCfg = Release|Any CPU
		{8659B16E-F253-4044-8FF6-59254A7FABA3}.Release|Any CPU.Build.0 = Release|Any CPU
		{C6B97870-4D27-496A-8383-4E30FA3C7DE6}.Debug|Any CPU.ActiveCfg = Debug|Any CPU
		{C6B97870-4D27-496A-8383-4E30FA3C7DE6}.Debug|Any CPU.Build.0 = Debug|Any CPU
		{C6B97870-4D27-496A-8383-4E30FA3C7DE6}.Release|Any CPU.ActiveCfg = Release|Any CPU
		{C6B97870-4D27-496A-8383-4E30FA3C7DE6}.Release|Any CPU.Build.0 = Release|Any CPU
		{04BE1091-A451-4790-8690-436F0CCCC4C6}.Debug|Any CPU.ActiveCfg = Debug|Any CPU
		{04BE1091-A451-4790-8690-436F0CCCC4C6}.Debug|Any CPU.Build.0 = Debug|Any CPU
		{04BE1091-A451-4790-8690-436F0CCCC4C6}.Release|Any CPU.ActiveCfg = Release|Any CPU
		{04BE1091-A451-4790-8690-436F0CCCC4C6}.Release|Any CPU.Build.0 = Release|Any CPU
		{6CF8A94A-CD88-4A0B-B493-6F0AB7C4B879}.Debug|Any CPU.ActiveCfg = Debug|Any CPU
		{6CF8A94A-CD88-4A0B-B493-6F0AB7C4B879}.Debug|Any CPU.Build.0 = Debug|Any CPU
		{6CF8A94A-CD88-4A0B-B493-6F0AB7C4B879}.Release|Any CPU.ActiveCfg = Release|Any CPU
		{6CF8A94A-CD88-4A0B-B493-6F0AB7C4B879}.Release|Any CPU.Build.0 = Release|Any CPU
		{FABA6EF7-1142-47B5-8CB7-3CB99CB3CAB7}.Debug|Any CPU.ActiveCfg = Debug|Any CPU
		{FABA6EF7-1142-47B5-8CB7-3CB99CB3CAB7}.Debug|Any CPU.Build.0 = Debug|Any CPU
		{FABA6EF7-1142-47B5-8CB7-3CB99CB3CAB7}.Release|Any CPU.ActiveCfg = Release|Any CPU
		{FABA6EF7-1142-47B5-8CB7-3CB99CB3CAB7}.Release|Any CPU.Build.0 = Release|Any CPU
		{FCD30044-EDD9-4648-AD9A-2AAA1F1BAA59}.Debug|Any CPU.ActiveCfg = Debug|Any CPU
		{FCD30044-EDD9-4648-AD9A-2AAA1F1BAA59}.Debug|Any CPU.Build.0 = Debug|Any CPU
		{FCD30044-EDD9-4648-AD9A-2AAA1F1BAA59}.Release|Any CPU.ActiveCfg = Release|Any CPU
		{FCD30044-EDD9-4648-AD9A-2AAA1F1BAA59}.Release|Any CPU.Build.0 = Release|Any CPU
	EndGlobalSection
	GlobalSection(SolutionProperties) = preSolution
		HideSolutionNode = FALSE
	EndGlobalSection
	GlobalSection(NestedProjects) = preSolution
		{C0DD7A94-274F-49E5-8A78-1798049B2A8E} = {36D591C7-65C7-A0D1-1CBC-10CDE441BDC8}
		{650A52BD-5545-42AC-838F-EE1975BC0534} = {36D591C7-65C7-A0D1-1CBC-10CDE441BDC8}
		{A13ED6B0-46CD-4FAD-B278-2822DE4DB341} = {36D591C7-65C7-A0D1-1CBC-10CDE441BDC8}
		{8659B16E-F253-4044-8FF6-59254A7FABA3} = {A7DDC6B1-BBA3-4A9B-8751-8143CD790EDE}
		{C6B97870-4D27-496A-8383-4E30FA3C7DE6} = {A7DDC6B1-BBA3-4A9B-8751-8143CD790EDE}
		{04BE1091-A451-4790-8690-436F0CCCC4C6} = {A7DDC6B1-BBA3-4A9B-8751-8143CD790EDE}
		{6CF8A94A-CD88-4A0B-B493-6F0AB7C4B879} = {163F59A8-F89C-4F59-8BF1-1539728B7AD4}
		{FABA6EF7-1142-47B5-8CB7-3CB99CB3CAB7} = {163F59A8-F89C-4F59-8BF1-1539728B7AD4}
		{FCD30044-EDD9-4648-AD9A-2AAA1F1BAA59} = {163F59A8-F89C-4F59-8BF1-1539728B7AD4}
	EndGlobalSection
	GlobalSection(ExtensibilityGlobals) = postSolution
		SolutionGuid = {9FE01133-4129-46D0-ABFF-F317ECF1C743}
	EndGlobalSection
EndGlobal
